// !$*UTF8*$!
{
	archiveVersion = 1;
	classes = {
	};
	objectVersion = 56;
	objects = {

/* Begin PBXBuildFile section */
		324E665B299E772B00C4A48C /* Main.storyboard in Resources */ = {isa = PBXBuildFile; fileRef = 324E665A299E772B00C4A48C /* Main.storyboard */; };
		324E665F299E822D00C4A48C /* MeteoViewController.swift in Sources */ = {isa = PBXBuildFile; fileRef = 324E665E299E822D00C4A48C /* MeteoViewController.swift */; };
		324E6661299E8D7900C4A48C /* PrefViewController.swift in Sources */ = {isa = PBXBuildFile; fileRef = 324E6660299E8D7900C4A48C /* PrefViewController.swift */; };
		324E666429A15EB400C4A48C /* Alamofire in Frameworks */ = {isa = PBXBuildFile; productRef = 324E666329A15EB400C4A48C /* Alamofire */; };
		324E666629A163CC00C4A48C /* DataMeteoFile.swift in Sources */ = {isa = PBXBuildFile; fileRef = 324E666529A163CC00C4A48C /* DataMeteoFile.swift */; };
		326C213429C9034B00F6B1B4 /* AlertManager.swift in Sources */ = {isa = PBXBuildFile; fileRef = 326C213329C9034B00F6B1B4 /* AlertManager.swift */; };
		32720431299985F800072F68 /* AppDelegate.swift in Sources */ = {isa = PBXBuildFile; fileRef = 32720430299985F800072F68 /* AppDelegate.swift */; };
		32720433299985F800072F68 /* SceneDelegate.swift in Sources */ = {isa = PBXBuildFile; fileRef = 32720432299985F800072F68 /* SceneDelegate.swift */; };
		32720435299985F800072F68 /* ViewController.swift in Sources */ = {isa = PBXBuildFile; fileRef = 32720434299985F800072F68 /* ViewController.swift */; };
		3272043A299985F900072F68 /* Assets.xcassets in Resources */ = {isa = PBXBuildFile; fileRef = 32720439299985F900072F68 /* Assets.xcassets */; };
		3272043D299985F900072F68 /* LaunchScreen.storyboard in Resources */ = {isa = PBXBuildFile; fileRef = 3272043B299985F900072F68 /* LaunchScreen.storyboard */; };
		327B7FF729BD24FA008FBCDB /* PreferencesTableViewCell.swift in Sources */ = {isa = PBXBuildFile; fileRef = 327B7FF629BD24FA008FBCDB /* PreferencesTableViewCell.swift */; };
		327B7FF929BD325F008FBCDB /* SettingsPreferenceViewController.swift in Sources */ = {isa = PBXBuildFile; fileRef = 327B7FF829BD325F008FBCDB /* SettingsPreferenceViewController.swift */; };
		328BD29D299E767800B59375 /* MainViewController.swift in Sources */ = {isa = PBXBuildFile; fileRef = 328BD29C299E767800B59375 /* MainViewController.swift */; };
/* End PBXBuildFile section */

/* Begin PBXFileReference section */
		324E665A299E772B00C4A48C /* Main.storyboard */ = {isa = PBXFileReference; fileEncoding = 4; lastKnownFileType = file.storyboard; name = Main.storyboard; path = weathery/StoryBoard/Main.storyboard; sourceTree = SOURCE_ROOT; };
		324E665E299E822D00C4A48C /* MeteoViewController.swift */ = {isa = PBXFileReference; lastKnownFileType = sourcecode.swift; path = MeteoViewController.swift; sourceTree = "<group>"; };
		324E6660299E8D7900C4A48C /* PrefViewController.swift */ = {isa = PBXFileReference; lastKnownFileType = sourcecode.swift; path = PrefViewController.swift; sourceTree = "<group>"; };
		324E666529A163CC00C4A48C /* DataMeteoFile.swift */ = {isa = PBXFileReference; lastKnownFileType = sourcecode.swift; path = DataMeteoFile.swift; sourceTree = "<group>"; };
		326C213329C9034B00F6B1B4 /* AlertManager.swift */ = {isa = PBXFileReference; lastKnownFileType = sourcecode.swift; path = AlertManager.swift; sourceTree = "<group>"; };
		3272042D299985F800072F68 /* weathery.app */ = {isa = PBXFileReference; explicitFileType = wrapper.application; includeInIndex = 0; path = weathery.app; sourceTree = BUILT_PRODUCTS_DIR; };
		32720430299985F800072F68 /* AppDelegate.swift */ = {isa = PBXFileReference; lastKnownFileType = sourcecode.swift; path = AppDelegate.swift; sourceTree = "<group>"; };
		32720432299985F800072F68 /* SceneDelegate.swift */ = {isa = PBXFileReference; lastKnownFileType = sourcecode.swift; path = SceneDelegate.swift; sourceTree = "<group>"; };
		32720434299985F800072F68 /* ViewController.swift */ = {isa = PBXFileReference; lastKnownFileType = sourcecode.swift; path = ViewController.swift; sourceTree = "<group>"; };
		32720439299985F900072F68 /* Assets.xcassets */ = {isa = PBXFileReference; lastKnownFileType = folder.assetcatalog; path = Assets.xcassets; sourceTree = "<group>"; };
		3272043C299985F900072F68 /* Base */ = {isa = PBXFileReference; lastKnownFileType = file.storyboard; name = Base; path = Base.lproj/LaunchScreen.storyboard; sourceTree = "<group>"; };
		3272043E299985F900072F68 /* Info.plist */ = {isa = PBXFileReference; lastKnownFileType = text.plist.xml; path = Info.plist; sourceTree = "<group>"; };
		327B7FF629BD24FA008FBCDB /* PreferencesTableViewCell.swift */ = {isa = PBXFileReference; lastKnownFileType = sourcecode.swift; path = PreferencesTableViewCell.swift; sourceTree = "<group>"; };
		327B7FF829BD325F008FBCDB /* SettingsPreferenceViewController.swift */ = {isa = PBXFileReference; lastKnownFileType = sourcecode.swift; path = SettingsPreferenceViewController.swift; sourceTree = "<group>"; };
		328BD29C299E767800B59375 /* MainViewController.swift */ = {isa = PBXFileReference; lastKnownFileType = sourcecode.swift; path = MainViewController.swift; sourceTree = "<group>"; };
/* End PBXFileReference section */

/* Begin PBXFrameworksBuildPhase section */
		3272042A299985F800072F68 /* Frameworks */ = {
			isa = PBXFrameworksBuildPhase;
			buildActionMask = 2147483647;
			files = (
				324E666429A15EB400C4A48C /* Alamofire in Frameworks */,
			);
			runOnlyForDeploymentPostprocessing = 0;
		};
/* End PBXFrameworksBuildPhase section */

/* Begin PBXGroup section */
		324E665C299E776500C4A48C /* ViewController */ = {
			isa = PBXGroup;
			children = (
				328BD29C299E767800B59375 /* MainViewController.swift */,
				32720434299985F800072F68 /* ViewController.swift */,
				324E665E299E822D00C4A48C /* MeteoViewController.swift */,
				324E6660299E8D7900C4A48C /* PrefViewController.swift */,
				327B7FF629BD24FA008FBCDB /* PreferencesTableViewCell.swift */,
				327B7FF829BD325F008FBCDB /* SettingsPreferenceViewController.swift */,
			);
			path = ViewController;
			sourceTree = "<group>";
		};
		324E665D299E778100C4A48C /* Base */ = {
			isa = PBXGroup;
			children = (
				32720430299985F800072F68 /* AppDelegate.swift */,
				32720432299985F800072F68 /* SceneDelegate.swift */,
			);
			path = Base;
			sourceTree = "<group>";
		};
		326C213229C9032300F6B1B4 /* Manager */ = {
			isa = PBXGroup;
			children = (
				326C213329C9034B00F6B1B4 /* AlertManager.swift */,
			);
			path = Manager;
			sourceTree = "<group>";
		};
		32720424299985F700072F68 = {
			isa = PBXGroup;
			children = (
				3272042F299985F800072F68 /* weathery */,
				3272042E299985F800072F68 /* Products */,
			);
			sourceTree = "<group>";
		};
		3272042E299985F800072F68 /* Products */ = {
			isa = PBXGroup;
			children = (
				3272042D299985F800072F68 /* weathery.app */,
			);
			name = Products;
			sourceTree = "<group>";
		};
		3272042F299985F800072F68 /* weathery */ = {
			isa = PBXGroup;
			children = (
				3272043E299985F900072F68 /* Info.plist */,
				326C213229C9032300F6B1B4 /* Manager */,
				324E665C299E776500C4A48C /* ViewController */,
				324E665D299E778100C4A48C /* Base */,
				32720439299985F900072F68 /* Assets.xcassets */,
				328BD29E299E76A500B59375 /* Storyboard */,
				324E666529A163CC00C4A48C /* DataMeteoFile.swift */,
			);
			path = weathery;
			sourceTree = "<group>";
		};
		328BD29E299E76A500B59375 /* Storyboard */ = {
			isa = PBXGroup;
			children = (
				3272043B299985F900072F68 /* LaunchScreen.storyboard */,
				324E665A299E772B00C4A48C /* Main.storyboard */,
			);
			path = Storyboard;
			sourceTree = "<group>";
		};
/* End PBXGroup section */

/* Begin PBXNativeTarget section */
		3272042C299985F800072F68 /* weathery */ = {
			isa = PBXNativeTarget;
			buildConfigurationList = 32720441299985F900072F68 /* Build configuration list for PBXNativeTarget "weathery" */;
			buildPhases = (
				32720429299985F800072F68 /* Sources */,
				3272042A299985F800072F68 /* Frameworks */,
				3272042B299985F800072F68 /* Resources */,
			);
			buildRules = (
			);
			dependencies = (
			);
			name = weathery;
			packageProductDependencies = (
				324E666329A15EB400C4A48C /* Alamofire */,
			);
			productName = weathery;
			productReference = 3272042D299985F800072F68 /* weathery.app */;
			productType = "com.apple.product-type.application";
		};
/* End PBXNativeTarget section */

/* Begin PBXProject section */
		32720425299985F700072F68 /* Project object */ = {
			isa = PBXProject;
			attributes = {
				BuildIndependentTargetsInParallel = 1;
				LastSwiftUpdateCheck = 1420;
				LastUpgradeCheck = 1420;
				TargetAttributes = {
					3272042C299985F800072F68 = {
						CreatedOnToolsVersion = 14.2;
					};
				};
			};
			buildConfigurationList = 32720428299985F700072F68 /* Build configuration list for PBXProject "weathery" */;
			compatibilityVersion = "Xcode 14.0";
			developmentRegion = en;
			hasScannedForEncodings = 0;
			knownRegions = (
				en,
				Base,
			);
			mainGroup = 32720424299985F700072F68;
			packageReferences = (
				324E666229A15EB400C4A48C /* XCRemoteSwiftPackageReference "Alamofire" */,
			);
			productRefGroup = 3272042E299985F800072F68 /* Products */;
			projectDirPath = "";
			projectRoot = "";
			targets = (
				3272042C299985F800072F68 /* weathery */,
			);
		};
/* End PBXProject section */

/* Begin PBXResourcesBuildPhase section */
		3272042B299985F800072F68 /* Resources */ = {
			isa = PBXResourcesBuildPhase;
			buildActionMask = 2147483647;
			files = (
				3272043D299985F900072F68 /* LaunchScreen.storyboard in Resources */,
				3272043A299985F900072F68 /* Assets.xcassets in Resources */,
				324E665B299E772B00C4A48C /* Main.storyboard in Resources */,
			);
			runOnlyForDeploymentPostprocessing = 0;
		};
/* End PBXResourcesBuildPhase section */

/* Begin PBXSourcesBuildPhase section */
		32720429299985F800072F68 /* Sources */ = {
			isa = PBXSourcesBuildPhase;
			buildActionMask = 2147483647;
			files = (
				324E665F299E822D00C4A48C /* MeteoViewController.swift in Sources */,
				327B7FF929BD325F008FBCDB /* SettingsPreferenceViewController.swift in Sources */,
				326C213429C9034B00F6B1B4 /* AlertManager.swift in Sources */,
				32720435299985F800072F68 /* ViewController.swift in Sources */,
				32720431299985F800072F68 /* AppDelegate.swift in Sources */,
				324E666629A163CC00C4A48C /* DataMeteoFile.swift in Sources */,
				32720433299985F800072F68 /* SceneDelegate.swift in Sources */,
				328BD29D299E767800B59375 /* MainViewController.swift in Sources */,
				327B7FF729BD24FA008FBCDB /* PreferencesTableViewCell.swift in Sources */,
				324E6661299E8D7900C4A48C /* PrefViewController.swift in Sources */,
			);
			runOnlyForDeploymentPostprocessing = 0;
		};
/* End PBXSourcesBuildPhase section */

/* Begin PBXVariantGroup section */
		3272043B299985F900072F68 /* LaunchScreen.storyboard */ = {
			isa = PBXVariantGroup;
			children = (
				3272043C299985F900072F68 /* Base */,
			);
			name = LaunchScreen.storyboard;
			sourceTree = "<group>";
		};
/* End PBXVariantGroup section */

/* Begin XCBuildConfiguration section */
		3272043F299985F900072F68 /* Debug */ = {
			isa = XCBuildConfiguration;
			buildSettings = {
				ALWAYS_SEARCH_USER_PATHS = NO;
				CLANG_ANALYZER_NONNULL = YES;
				CLANG_ANALYZER_NUMBER_OBJECT_CONVERSION = YES_AGGRESSIVE;
				CLANG_CXX_LANGUAGE_STANDARD = "gnu++20";
				CLANG_ENABLE_MODULES = YES;
				CLANG_ENABLE_OBJC_ARC = YES;
				CLANG_ENABLE_OBJC_WEAK = YES;
				CLANG_WARN_BLOCK_CAPTURE_AUTORELEASING = YES;
				CLANG_WARN_BOOL_CONVERSION = YES;
				CLANG_WARN_COMMA = YES;
				CLANG_WARN_CONSTANT_CONVERSION = YES;
				CLANG_WARN_DEPRECATED_OBJC_IMPLEMENTATIONS = YES;
				CLANG_WARN_DIRECT_OBJC_ISA_USAGE = YES_ERROR;
				CLANG_WARN_DOCUMENTATION_COMMENTS = YES;
				CLANG_WARN_EMPTY_BODY = YES;
				CLANG_WARN_ENUM_CONVERSION = YES;
				CLANG_WARN_INFINITE_RECURSION = YES;
				CLANG_WARN_INT_CONVERSION = YES;
				CLANG_WARN_NON_LITERAL_NULL_CONVERSION = YES;
				CLANG_WARN_OBJC_IMPLICIT_RETAIN_SELF = YES;
				CLANG_WARN_OBJC_LITERAL_CONVERSION = YES;
				CLANG_WARN_OBJC_ROOT_CLASS = YES_ERROR;
				CLANG_WARN_QUOTED_INCLUDE_IN_FRAMEWORK_HEADER = YES;
				CLANG_WARN_RANGE_LOOP_ANALYSIS = YES;
				CLANG_WARN_STRICT_PROTOTYPES = YES;
				CLANG_WARN_SUSPICIOUS_MOVE = YES;
				CLANG_WARN_UNGUARDED_AVAILABILITY = YES_AGGRESSIVE;
				CLANG_WARN_UNREACHABLE_CODE = YES;
				CLANG_WARN__DUPLICATE_METHOD_MATCH = YES;
				COPY_PHASE_STRIP = NO;
				DEBUG_INFORMATION_FORMAT = dwarf;
				ENABLE_STRICT_OBJC_MSGSEND = YES;
				ENABLE_TESTABILITY = YES;
				GCC_C_LANGUAGE_STANDARD = gnu11;
				GCC_DYNAMIC_NO_PIC = NO;
				GCC_NO_COMMON_BLOCKS = YES;
				GCC_OPTIMIZATION_LEVEL = 0;
				GCC_PREPROCESSOR_DEFINITIONS = (
					"DEBUG=1",
					"$(inherited)",
				);
				GCC_WARN_64_TO_32_BIT_CONVERSION = YES;
				GCC_WARN_ABOUT_RETURN_TYPE = YES_ERROR;
				GCC_WARN_UNDECLARED_SELECTOR = YES;
				GCC_WARN_UNINITIALIZED_AUTOS = YES_AGGRESSIVE;
				GCC_WARN_UNUSED_FUNCTION = YES;
				GCC_WARN_UNUSED_VARIABLE = YES;
				IPHONEOS_DEPLOYMENT_TARGET = 16.2;
				MTL_ENABLE_DEBUG_INFO = INCLUDE_SOURCE;
				MTL_FAST_MATH = YES;
				ONLY_ACTIVE_ARCH = YES;
				SDKROOT = iphoneos;
				SWIFT_ACTIVE_COMPILATION_CONDITIONS = DEBUG;
				SWIFT_OPTIMIZATION_LEVEL = "-Onone";
			};
			name = Debug;
		};
		32720440299985F900072F68 /* Release */ = {
			isa = XCBuildConfiguration;
			buildSettings = {
				ALWAYS_SEARCH_USER_PATHS = NO;
				CLANG_ANALYZER_NONNULL = YES;
				CLANG_ANALYZER_NUMBER_OBJECT_CONVERSION = YES_AGGRESSIVE;
				CLANG_CXX_LANGUAGE_STANDARD = "gnu++20";
				CLANG_ENABLE_MODULES = YES;
				CLANG_ENABLE_OBJC_ARC = YES;
				CLANG_ENABLE_OBJC_WEAK = YES;
				CLANG_WARN_BLOCK_CAPTURE_AUTORELEASING = YES;
				CLANG_WARN_BOOL_CONVERSION = YES;
				CLANG_WARN_COMMA = YES;
				CLANG_WARN_CONSTANT_CONVERSION = YES;
				CLANG_WARN_DEPRECATED_OBJC_IMPLEMENTATIONS = YES;
				CLANG_WARN_DIRECT_OBJC_ISA_USAGE = YES_ERROR;
				CLANG_WARN_DOCUMENTATION_COMMENTS = YES;
				CLANG_WARN_EMPTY_BODY = YES;
				CLANG_WARN_ENUM_CONVERSION = YES;
				CLANG_WARN_INFINITE_RECURSION = YES;
				CLANG_WARN_INT_CONVERSION = YES;
				CLANG_WARN_NON_LITERAL_NULL_CONVERSION = YES;
				CLANG_WARN_OBJC_IMPLICIT_RETAIN_SELF = YES;
				CLANG_WARN_OBJC_LITERAL_CONVERSION = YES;
				CLANG_WARN_OBJC_ROOT_CLASS = YES_ERROR;
				CLANG_WARN_QUOTED_INCLUDE_IN_FRAMEWORK_HEADER = YES;
				CLANG_WARN_RANGE_LOOP_ANALYSIS = YES;
				CLANG_WARN_STRICT_PROTOTYPES = YES;
				CLANG_WARN_SUSPICIOUS_MOVE = YES;
				CLANG_WARN_UNGUARDED_AVAILABILITY = YES_AGGRESSIVE;
				CLANG_WARN_UNREACHABLE_CODE = YES;
				CLANG_WARN__DUPLICATE_METHOD_MATCH = YES;
				COPY_PHASE_STRIP = NO;
				DEBUG_INFORMATION_FORMAT = "dwarf-with-dsym";
				ENABLE_NS_ASSERTIONS = NO;
				ENABLE_STRICT_OBJC_MSGSEND = YES;
				GCC_C_LANGUAGE_STANDARD = gnu11;
				GCC_NO_COMMON_BLOCKS = YES;
				GCC_WARN_64_TO_32_BIT_CONVERSION = YES;
				GCC_WARN_ABOUT_RETURN_TYPE = YES_ERROR;
				GCC_WARN_UNDECLARED_SELECTOR = YES;
				GCC_WARN_UNINITIALIZED_AUTOS = YES_AGGRESSIVE;
				GCC_WARN_UNUSED_FUNCTION = YES;
				GCC_WARN_UNUSED_VARIABLE = YES;
				IPHONEOS_DEPLOYMENT_TARGET = 16.2;
				MTL_ENABLE_DEBUG_INFO = NO;
				MTL_FAST_MATH = YES;
				SDKROOT = iphoneos;
				SWIFT_COMPILATION_MODE = wholemodule;
				SWIFT_OPTIMIZATION_LEVEL = "-O";
				VALIDATE_PRODUCT = YES;
			};
			name = Release;
		};
		32720442299985F900072F68 /* Debug */ = {
			isa = XCBuildConfiguration;
			buildSettings = {
				ASSETCATALOG_COMPILER_APPICON_NAME = AppIcon;
				ASSETCATALOG_COMPILER_GLOBAL_ACCENT_COLOR_NAME = AccentColor;
				CODE_SIGN_STYLE = Automatic;
				CURRENT_PROJECT_VERSION = 1;
				DEVELOPMENT_TEAM = S78BWY94G2;
				GENERATE_INFOPLIST_FILE = YES;
				INFOPLIST_FILE = weathery/Info.plist;
				INFOPLIST_KEY_UIApplicationSupportsIndirectInputEvents = YES;
				INFOPLIST_KEY_UILaunchStoryboardName = LaunchScreen.storyboard;
				INFOPLIST_KEY_UIMainStoryboardFile = Main;
				INFOPLIST_KEY_UISupportedInterfaceOrientations_iPad = "UIInterfaceOrientationPortrait UIInterfaceOrientationPortraitUpsideDown UIInterfaceOrientationLandscapeLeft UIInterfaceOrientationLandscapeRight";
				INFOPLIST_KEY_UISupportedInterfaceOrientations_iPhone = "UIInterfaceOrientationPortrait UIInterfaceOrientationLandscapeLeft UIInterfaceOrientationLandscapeRight";
				LD_RUNPATH_SEARCH_PATHS = (
					"$(inherited)",
					"@executable_path/Frameworks",
				);
				MARKETING_VERSION = 1.0;
				PRODUCT_BUNDLE_IDENTIFIER = Kamkam.weathery;
				PRODUCT_NAME = "$(TARGET_NAME)";
				SWIFT_EMIT_LOC_STRINGS = YES;
				SWIFT_VERSION = 5.0;
				TARGETED_DEVICE_FAMILY = "1,2";
			};
			name = Debug;
		};
		32720443299985F900072F68 /* Release */ = {
			isa = XCBuildConfiguration;
			buildSettings = {
				ASSETCATALOG_COMPILER_APPICON_NAME = AppIcon;
				ASSETCATALOG_COMPILER_GLOBAL_ACCENT_COLOR_NAME = AccentColor;
				CODE_SIGN_STYLE = Automatic;
				CURRENT_PROJECT_VERSION = 1;
				DEVELOPMENT_TEAM = S78BWY94G2;
				GENERATE_INFOPLIST_FILE = YES;
				INFOPLIST_FILE = weathery/Info.plist;
				INFOPLIST_KEY_UIApplicationSupportsIndirectInputEvents = YES;
				INFOPLIST_KEY_UILaunchStoryboardName = LaunchScreen.storyboard;
				INFOPLIST_KEY_UIMainStoryboardFile = Main;
				INFOPLIST_KEY_UISupportedInterfaceOrientations_iPad = "UIInterfaceOrientationPortrait UIInterfaceOrientationPortraitUpsideDown UIInterfaceOrientationLandscapeLeft UIInterfaceOrientationLandscapeRight";
				INFOPLIST_KEY_UISupportedInterfaceOrientations_iPhone = "UIInterfaceOrientationPortrait UIInterfaceOrientationLandscapeLeft UIInterfaceOrientationLandscapeRight";
				LD_RUNPATH_SEARCH_PATHS = (
					"$(inherited)",
					"@executable_path/Frameworks",
				);
				MARKETING_VERSION = 1.0;
				PRODUCT_BUNDLE_IDENTIFIER = Kamkam.weathery;
				PRODUCT_NAME = "$(TARGET_NAME)";
				SWIFT_EMIT_LOC_STRINGS = YES;
				SWIFT_VERSION = 5.0;
				TARGETED_DEVICE_FAMILY = "1,2";
			};
			name = Release;
		};
/* End XCBuildConfiguration section */

/* Begin XCConfigurationList section */
		32720428299985F700072F68 /* Build configuration list for PBXProject "weathery" */ = {
			isa = XCConfigurationList;
			buildConfigurations = (
				3272043F299985F900072F68 /* Debug */,
				32720440299985F900072F68 /* Release */,
			);
			defaultConfigurationIsVisible = 0;
			defaultConfigurationName = Release;
		};
		32720441299985F900072F68 /* Build configuration list for PBXNativeTarget "weathery" */ = {
			isa = XCConfigurationList;
			buildConfigurations = (
				32720442299985F900072F68 /* Debug */,
				32720443299985F900072F68 /* Release */,
			);
			defaultConfigurationIsVisible = 0;
			defaultConfigurationName = Release;
		};
/* End XCConfigurationList section */

/* Begin XCRemoteSwiftPackageReference section */
		324E666229A15EB400C4A48C /* XCRemoteSwiftPackageReference "Alamofire" */ = {
			isa = XCRemoteSwiftPackageReference;
			repositoryURL = "https://github.com/Alamofire/Alamofire.git";
			requirement = {
				kind = upToNextMajorVersion;
				minimumVersion = 5.6.1;
			};
		};
/* End XCRemoteSwiftPackageReference section */

/* Begin XCSwiftPackageProductDependency section */
		324E666329A15EB400C4A48C /* Alamofire */ = {
			isa = XCSwiftPackageProductDependency;
			package = 324E666229A15EB400C4A48C /* XCRemoteSwiftPackageReference "Alamofire" */;
			productName = Alamofire;
		};
/* End XCSwiftPackageProductDependency section */
	};
	rootObject = 32720425299985F700072F68 /* Project object */;
}
